
Microsoft Visual Studio Solution File, Format Version 12.00
# Visual Studio Version 17
VisualStudioVersion = 17.9.34622.214
MinimumVisualStudioVersion = 10.0.40219.1
Project("{FAE04EC0-301F-11D3-BF4B-00C04F79EFBC}") = "PW 3.5", "PW 3.5.csproj", "{2BBAA1CD-7B77-4505-83E9-054A3B437F9B}"
EndProject
Global
	GlobalSection(SolutionConfigurationPlatforms) = preSolution
		Debug|Any CPU = Debug|Any CPU
		Release|Any CPU = Release|Any CPU
	EndGlobalSection
	GlobalSection(ProjectConfigurationPlatforms) = postSolution
		{2BBAA1CD-7B77-4505-83E9-054A3B437F9B}.Debug|Any CPU.ActiveCfg = Debug|Any CPU
		{2BBAA1CD-7B77-4505-83E9-054A3B437F9B}.Debug|Any CPU.Build.0 = Debug|Any CPU
		{2BBAA1CD-7B77-4505-83E9-054A3B437F9B}.Release|Any CPU.ActiveCfg = Release|Any CPU
		{2BBAA1CD-7B77-4505-83E9-054A3B437F9B}.Release|Any CPU.Build.0 = Release|Any CPU
	EndGlobalSection
	GlobalSection(SolutionProperties) = preSolution
		HideSolutionNode = FALSE
	EndGlobalSection
	GlobalSection(ExtensibilityGlobals) = postSolution
		SolutionGuid = {7CADC4BA-9403-41C0-9CFD-006AE1AB5EF9}
	EndGlobalSection
EndGlobal
