
Microsoft Visual Studio Solution File, Format Version 12.00
# Visual Studio Version 17
VisualStudioVersion = 17.9.34622.214
MinimumVisualStudioVersion = 10.0.40219.1
Project("{FAE04EC0-301F-11D3-BF4B-00C04F79EFBC}") = "PW 3.2", "PW 3.2.csproj", "{5D479B70-82B2-4AC5-9D39-FFE49C2FBEBA}"
EndProject
Global
	GlobalSection(SolutionConfigurationPlatforms) = preSolution
		Debug|Any CPU = Debug|Any CPU
		Release|Any CPU = Release|Any CPU
	EndGlobalSection
	GlobalSection(ProjectConfigurationPlatforms) = postSolution
		{5D479B70-82B2-4AC5-9D39-FFE49C2FBEBA}.Debug|Any CPU.ActiveCfg = Debug|Any CPU
		{5D479B70-82B2-4AC5-9D39-FFE49C2FBEBA}.Debug|Any CPU.Build.0 = Debug|Any CPU
		{5D479B70-82B2-4AC5-9D39-FFE49C2FBEBA}.Release|Any CPU.ActiveCfg = Release|Any CPU
		{5D479B70-82B2-4AC5-9D39-FFE49C2FBEBA}.Release|Any CPU.Build.0 = Release|Any CPU
	EndGlobalSection
	GlobalSection(SolutionProperties) = preSolution
		HideSolutionNode = FALSE
	EndGlobalSection
	GlobalSection(ExtensibilityGlobals) = postSolution
		SolutionGuid = {8DD60B07-5359-47CF-A5C9-75D75C309AF6}
	EndGlobalSection
EndGlobal
